
Microsoft Visual Studio Solution File, Format Version 12.00
# Visual Studio Version 17
VisualStudioVersion = 17.9.34902.65
MinimumVisualStudioVersion = 10.0.40219.1
Project("{FAE04EC0-301F-11D3-BF4B-00C04F79EFBC}") = "Md. Abu Huraira_1281243_RepositoryFactoryAndMethodPattern", "Md. Abu Huraira_1281243_RepositoryFactoryAndMethodPattern\Md. Abu Huraira_1281243_RepositoryFactoryAndMethodPattern.csproj", "{DD4FD4BE-B826-488B-8CD5-8F7387208288}"
EndProject
Global
	GlobalSection(SolutionConfigurationPlatforms) = preSolution
		Debug|Any CPU = Debug|Any CPU
		Release|Any CPU = Release|Any CPU
	EndGlobalSection
	GlobalSection(ProjectConfigurationPlatforms) = postSolution
		{DD4FD4BE-B826-488B-8CD5-8F7387208288}.Debug|Any CPU.ActiveCfg = Debug|Any CPU
		{DD4FD4BE-B826-488B-8CD5-8F7387208288}.Debug|Any CPU.Build.0 = Debug|Any CPU
		{DD4FD4BE-B826-488B-8CD5-8F7387208288}.Release|Any CPU.ActiveCfg = Release|Any CPU
		{DD4FD4BE-B826-488B-8CD5-8F7387208288}.Release|Any CPU.Build.0 = Release|Any CPU
	EndGlobalSection
	GlobalSection(SolutionProperties) = preSolution
		HideSolutionNode = FALSE
	EndGlobalSection
	GlobalSection(ExtensibilityGlobals) = postSolution
		SolutionGuid = {CB51DB30-C682-4757-A83C-000E631AF42A}
	EndGlobalSection
EndGlobal
